{
  "lib/contracts": {
    "rev": "132ba0f33cb455ffff783924588df8864767bd9c"
  },
  "lib/forge-std": {
    "rev": "978ac6fadb62f5f0b723c996f64be52eddba6801"
  },
  "lib/openzeppelin-contracts": {
    "rev": "dbb6104ce834628e473d2173bbc9d47f81a9eec3"
  },
  "lib/openzeppelin-contracts-upgradeable": {
    "rev": "723f8cab09cdae1aca9ec9cc1cfa040c2d4b06c1"
  }
}