{
  "lib/forge-std": {
    "tag": {
      "name": "v1.16.0",
      "rev": "8987040ede9553cea20c95ad40d0455930f9c8e0"
    }
  },
  "lib/openzeppelin-contracts": {
    "tag": {
      "name": "v5.4.0",
      "rev": "c64a1edb67b6e3f4a15cca8909c9482ad33a02b0"
    }
  },
  "lib/openzeppelin-contracts-upgradeable": {
    "tag": {
      "name": "v5.4.0",
      "rev": "e725abddf1e01cf05ace496e950fc8e243cc7cab"
    }
  },
  "lib/solady": {
    "tag": {
      "name": "v0.1.26",
      "rev": "acd959aa4bd04720d640bf4e6a5c71037510cc4b"
    }
  }
}
